version = 1
revision = 3
requires-python = ">=3.11"

[[package]]
name = "moccasin-project"
version = "0.1.0"
source = { virtual = "." }
dependencies = [
    { name = "snekmate" },
]

[package.metadata]
requires-dist = [{ name = "snekmate", specifier = ">=0.1.2" }]

[[package]]
name = "snekmate"
version = "0.1.2"
source = { registry = "https://pypi.org/simple" }
sdist = { url = "https://files.pythonhosted.org/packages/a4/f5/5b285024f0a18e699f2b144d9821b2572e8665331261c9078fdad6a7aa38/snekmate-0.1.2.tar.gz", hash = "sha256:8ed2c6a29b90424543d1792599c5c0b5ccf6988931b43029d1ca7e520a045038", size = 102051, upload-time = "2025-06-25T07:58:29.589Z" }
wheels = [
    { url = "https://files.pythonhosted.org/packages/2d/94/c7e58d2b19e05c91454ca64bdeb109969e4fac580c7eb2a50994859b1379/snekmate-0.1.2-py3-none-any.whl", hash = "sha256:df439ba25843f52e6d7e1b58000192f77cd0a5caa9a756075655ead2b66e6314", size = 120637, upload-time = "2025-06-25T07:58:28.114Z" },
]
